{
  "name": "compromised-fixture",
  "version": "0.0.0",
  "lockfileVersion": 3,
  "_comment": "STATIC TEST FIXTURE - DO NOT INSTALL. This lockfile names a known-compromised package version on purpose so the scanner test suite can confirm detection. There is deliberately no package.json beside it, so npm install / npm ci cannot run here.",
  "requires": true,
  "packages": {
    "": {
      "name": "compromised-fixture",
      "version": "0.0.0"
    },
    "node_modules/cross-stitch": {
      "version": "1.1.7",
      "resolved": "test-fixture-placeholder-not-a-real-url",
      "integrity": "sha512-testfixtureplaceholdernotrealintegrityvalueforscannerunittests=="
    }
  }
}
